
Microsoft Visual Studio Solution File, Format Version 12.00
# Visual Studio Version 17
VisualStudioVersion = 17.6.33723.286
MinimumVisualStudioVersion = 10.0.40219.1
Project("{FAE04EC0-301F-11D3-BF4B-00C04F79EFBC}") = "ApplicationConsole", "ApplicationConsole.csproj", "{7F4B5853-3061-4D21-8B9C-689F0F459DFE}"
EndProject
Global
	GlobalSection(SolutionConfigurationPlatforms) = preSolution
		Debug|Any CPU = Debug|Any CPU
		Release|Any CPU = Release|Any CPU
	EndGlobalSection
	GlobalSection(ProjectConfigurationPlatforms) = postSolution
		{7F4B5853-3061-4D21-8B9C-689F0F459DFE}.Debug|Any CPU.ActiveCfg = Debug|Any CPU
		{7F4B5853-3061-4D21-8B9C-689F0F459DFE}.Debug|Any CPU.Build.0 = Debug|Any CPU
		{7F4B5853-3061-4D21-8B9C-689F0F459DFE}.Release|Any CPU.ActiveCfg = Release|Any CPU
		{7F4B5853-3061-4D21-8B9C-689F0F459DFE}.Release|Any CPU.Build.0 = Release|Any CPU
	EndGlobalSection
	GlobalSection(SolutionProperties) = preSolution
		HideSolutionNode = FALSE
	EndGlobalSection
	GlobalSection(ExtensibilityGlobals) = postSolution
		SolutionGuid = {9BCFE9FB-5698-4D0A-A34A-4C1CC7854D2F}
	EndGlobalSection
EndGlobal
